// !$*UTF8*$!
{
	archiveVersion = 1;
	classes = {
	};
	objectVersion = 46;
	objects = {

/* Begin PBXBuildFile section */
		5893F4351F4854D8005ED3DC /* main.m in Sources */ = {isa = PBXBuildFile; fileRef = 5893F4341F4854D8005ED3DC /* main.m */; };
		5893F4381F4854D8005ED3DC /* AppDelegate.m in Sources */ = {isa = PBXBuildFile; fileRef = 5893F4371F4854D8005ED3DC /* AppDelegate.m */; };
		5893F43B1F4854D8005ED3DC /* ViewController.m in Sources */ = {isa = PBXBuildFile; fileRef = 5893F43A1F4854D8005ED3DC /* ViewController.m */; };
		5893F43E1F4854D8005ED3DC /* Main.storyboard in Resources */ = {isa = PBXBuildFile; fileRef = 5893F43C1F4854D8005ED3DC /* Main.storyboard */; };
		5893F4401F4854D8005ED3DC /* Assets.xcassets in Resources */ = {isa = PBXBuildFile; fileRef = 5893F43F1F4854D8005ED3DC /* Assets.xcassets */; };
		5893F4431F4854D8005ED3DC /* LaunchScreen.storyboard in Resources */ = {isa = PBXBuildFile; fileRef = 5893F4411F4854D8005ED3DC /* LaunchScreen.storyboard */; };
		5893F44C1F485897005ED3DC /* QuartzCore.framework in Frameworks */ = {isa = PBXBuildFile; fileRef = 5893F44B1F485897005ED3DC /* QuartzCore.framework */; };
		5893F44F1F485C42005ED3DC /* AnimationOrbitsAndPlanetsController.m in Sources */ = {isa = PBXBuildFile; fileRef = 5893F44E1F485C42005ED3DC /* AnimationOrbitsAndPlanetsController.m */; };
		5893F4521F4874DD005ED3DC /* AnimationTickerController.m in Sources */ = {isa = PBXBuildFile; fileRef = 5893F4511F4874DD005ED3DC /* AnimationTickerController.m */; };
		5893F4551F48824B005ED3DC /* AnimationButtonsController.m in Sources */ = {isa = PBXBuildFile; fileRef = 5893F4541F48824B005ED3DC /* AnimationButtonsController.m */; };
		58BF07221F4AC12000163FEB /* AnimationMoveAutoController.m in Sources */ = {isa = PBXBuildFile; fileRef = 58BF07211F4AC12000163FEB /* AnimationMoveAutoController.m */; };
/* End PBXBuildFile section */

/* Begin PBXFileReference section */
		5893F4301F4854D8005ED3DC /* AnimationTask-2.0.app */ = {isa = PBXFileReference; explicitFileType = wrapper.application; includeInIndex = 0; path = "AnimationTask-2.0.app"; sourceTree = BUILT_PRODUCTS_DIR; };
		5893F4341F4854D8005ED3DC /* main.m */ = {isa = PBXFileReference; lastKnownFileType = sourcecode.c.objc; path = main.m; sourceTree = "<group>"; };
		5893F4361F4854D8005ED3DC /* AppDelegate.h */ = {isa = PBXFileReference; lastKnownFileType = sourcecode.c.h; path = AppDelegate.h; sourceTree = "<group>"; };
		5893F4371F4854D8005ED3DC /* AppDelegate.m */ = {isa = PBXFileReference; lastKnownFileType = sourcecode.c.objc; path = AppDelegate.m; sourceTree = "<group>"; };
		5893F4391F4854D8005ED3DC /* ViewController.h */ = {isa = PBXFileReference; lastKnownFileType = sourcecode.c.h; path = ViewController.h; sourceTree = "<group>"; };
		5893F43A1F4854D8005ED3DC /* ViewController.m */ = {isa = PBXFileReference; lastKnownFileType = sourcecode.c.objc; path = ViewController.m; sourceTree = "<group>"; };
		5893F43D1F4854D8005ED3DC /* Base */ = {isa = PBXFileReference; lastKnownFileType = file.storyboard; name = Base; path = Base.lproj/Main.storyboard; sourceTree = "<group>"; };
		5893F43F1F4854D8005ED3DC /* Assets.xcassets */ = {isa = PBXFileReference; lastKnownFileType = folder.assetcatalog; path = Assets.xcassets; sourceTree = "<group>"; };
		5893F4421F4854D8005ED3DC /* Base */ = {isa = PBXFileReference; lastKnownFileType = file.storyboard; name = Base; path = Base.lproj/LaunchScreen.storyboard; sourceTree = "<group>"; };
		5893F4441F4854D8005ED3DC /* Info.plist */ = {isa = PBXFileReference; lastKnownFileType = text.plist.xml; path = Info.plist; sourceTree = "<group>"; };
		5893F44B1F485897005ED3DC /* QuartzCore.framework */ = {isa = PBXFileReference; lastKnownFileType = wrapper.framework; name = QuartzCore.framework; path = System/Library/Frameworks/QuartzCore.framework; sourceTree = SDKROOT; };
		5893F44D1F485C42005ED3DC /* AnimationOrbitsAndPlanetsController.h */ = {isa = PBXFileReference; fileEncoding = 4; lastKnownFileType = sourcecode.c.h; path = AnimationOrbitsAndPlanetsController.h; sourceTree = "<group>"; };
		5893F44E1F485C42005ED3DC /* AnimationOrbitsAndPlanetsController.m */ = {isa = PBXFileReference; fileEncoding = 4; lastKnownFileType = sourcecode.c.objc; path = AnimationOrbitsAndPlanetsController.m; sourceTree = "<group>"; };
		5893F4501F4874DD005ED3DC /* AnimationTickerController.h */ = {isa = PBXFileReference; fileEncoding = 4; lastKnownFileType = sourcecode.c.h; path = AnimationTickerController.h; sourceTree = "<group>"; };
		5893F4511F4874DD005ED3DC /* AnimationTickerController.m */ = {isa = PBXFileReference; fileEncoding = 4; lastKnownFileType = sourcecode.c.objc; path = AnimationTickerController.m; sourceTree = "<group>"; };
		5893F4531F48824B005ED3DC /* AnimationButtonsController.h */ = {isa = PBXFileReference; fileEncoding = 4; lastKnownFileType = sourcecode.c.h; path = AnimationButtonsController.h; sourceTree = "<group>"; };
		5893F4541F48824B005ED3DC /* AnimationButtonsController.m */ = {isa = PBXFileReference; fileEncoding = 4; lastKnownFileType = sourcecode.c.objc; path = AnimationButtonsController.m; sourceTree = "<group>"; };
		58BF07201F4AC12000163FEB /* AnimationMoveAutoController.h */ = {isa = PBXFileReference; fileEncoding = 4; lastKnownFileType = sourcecode.c.h; path = AnimationMoveAutoController.h; sourceTree = "<group>"; };
		58BF07211F4AC12000163FEB /* AnimationMoveAutoController.m */ = {isa = PBXFileReference; fileEncoding = 4; lastKnownFileType = sourcecode.c.objc; path = AnimationMoveAutoController.m; sourceTree = "<group>"; };
/* End PBXFileReference section */

/* Begin PBXFrameworksBuildPhase section */
		5893F42D1F4854D8005ED3DC /* Frameworks */ = {
			isa = PBXFrameworksBuildPhase;
			buildActionMask = 2147483647;
			files = (
				5893F44C1F485897005ED3DC /* QuartzCore.framework in Frameworks */,
			);
			runOnlyForDeploymentPostprocessing = 0;
		};
/* End PBXFrameworksBuildPhase section */

/* Begin PBXGroup section */
		5893F4271F4854D8005ED3DC = {
			isa = PBXGroup;
			children = (
				5893F4321F4854D8005ED3DC /* AnimationTask-2.0 */,
				5893F4311F4854D8005ED3DC /* Products */,
				5893F44A1F485897005ED3DC /* Frameworks */,
			);
			sourceTree = "<group>";
		};
		5893F4311F4854D8005ED3DC /* Products */ = {
			isa = PBXGroup;
			children = (
				5893F4301F4854D8005ED3DC /* AnimationTask-2.0.app */,
			);
			name = Products;
			sourceTree = "<group>";
		};
		5893F4321F4854D8005ED3DC /* AnimationTask-2.0 */ = {
			isa = PBXGroup;
			children = (
				5893F4361F4854D8005ED3DC /* AppDelegate.h */,
				5893F4371F4854D8005ED3DC /* AppDelegate.m */,
				5893F4391F4854D8005ED3DC /* ViewController.h */,
				5893F43A1F4854D8005ED3DC /* ViewController.m */,
				5893F43C1F4854D8005ED3DC /* Main.storyboard */,
				5893F43F1F4854D8005ED3DC /* Assets.xcassets */,
				5893F4411F4854D8005ED3DC /* LaunchScreen.storyboard */,
				5893F4441F4854D8005ED3DC /* Info.plist */,
				58BF07201F4AC12000163FEB /* AnimationMoveAutoController.h */,
				58BF07211F4AC12000163FEB /* AnimationMoveAutoController.m */,
				5893F4331F4854D8005ED3DC /* Supporting Files */,
				5893F44D1F485C42005ED3DC /* AnimationOrbitsAndPlanetsController.h */,
				5893F44E1F485C42005ED3DC /* AnimationOrbitsAndPlanetsController.m */,
				5893F4501F4874DD005ED3DC /* AnimationTickerController.h */,
				5893F4511F4874DD005ED3DC /* AnimationTickerController.m */,
				5893F4531F48824B005ED3DC /* AnimationButtonsController.h */,
				5893F4541F48824B005ED3DC /* AnimationButtonsController.m */,
			);
			path = "AnimationTask-2.0";
			sourceTree = "<group>";
		};
		5893F4331F4854D8005ED3DC /* Supporting Files */ = {
			isa = PBXGroup;
			children = (
				5893F4341F4854D8005ED3DC /* main.m */,
			);
			name = "Supporting Files";
			sourceTree = "<group>";
		};
		5893F44A1F485897005ED3DC /* Frameworks */ = {
			isa = PBXGroup;
			children = (
				5893F44B1F485897005ED3DC /* QuartzCore.framework */,
			);
			name = Frameworks;
			sourceTree = "<group>";
		};
/* End PBXGroup section */

/* Begin PBXNativeTarget section */
		5893F42F1F4854D8005ED3DC /* AnimationTask-2.0 */ = {
			isa = PBXNativeTarget;
			buildConfigurationList = 5893F4471F4854D8005ED3DC /* Build configuration list for PBXNativeTarget "AnimationTask-2.0" */;
			buildPhases = (
				5893F42C1F4854D8005ED3DC /* Sources */,
				5893F42D1F4854D8005ED3DC /* Frameworks */,
				5893F42E1F4854D8005ED3DC /* Resources */,
			);
			buildRules = (
			);
			dependencies = (
			);
			name = "AnimationTask-2.0";
			productName = "AnimationTask-2.0";
			productReference = 5893F4301F4854D8005ED3DC /* AnimationTask-2.0.app */;
			productType = "com.apple.product-type.application";
		};
/* End PBXNativeTarget section */

/* Begin PBXProject section */
		5893F4281F4854D8005ED3DC /* Project object */ = {
			isa = PBXProject;
			attributes = {
				KnownAssetTags = (
					one,
					two,
				);
				LastUpgradeCheck = 0830;
				ORGANIZATIONNAME = melanu1991;
				TargetAttributes = {
					5893F42F1F4854D8005ED3DC = {
						CreatedOnToolsVersion = 8.3.2;
						ProvisioningStyle = Automatic;
					};
				};
			};
			buildConfigurationList = 5893F42B1F4854D8005ED3DC /* Build configuration list for PBXProject "AnimationTask-2.0" */;
			compatibilityVersion = "Xcode 3.2";
			developmentRegion = English;
			hasScannedForEncodings = 0;
			knownRegions = (
				en,
				Base,
			);
			mainGroup = 5893F4271F4854D8005ED3DC;
			productRefGroup = 5893F4311F4854D8005ED3DC /* Products */;
			projectDirPath = "";
			projectRoot = "";
			targets = (
				5893F42F1F4854D8005ED3DC /* AnimationTask-2.0 */,
			);
		};
/* End PBXProject section */

/* Begin PBXResourcesBuildPhase section */
		5893F42E1F4854D8005ED3DC /* Resources */ = {
			isa = PBXResourcesBuildPhase;
			buildActionMask = 2147483647;
			files = (
				5893F4431F4854D8005ED3DC /* LaunchScreen.storyboard in Resources */,
				5893F4401F4854D8005ED3DC /* Assets.xcassets in Resources */,
				5893F43E1F4854D8005ED3DC /* Main.storyboard in Resources */,
			);
			runOnlyForDeploymentPostprocessing = 0;
		};
/* End PBXResourcesBuildPhase section */

/* Begin PBXSourcesBuildPhase section */
		5893F42C1F4854D8005ED3DC /* Sources */ = {
			isa = PBXSourcesBuildPhase;
			buildActionMask = 2147483647;
			files = (
				5893F43B1F4854D8005ED3DC /* ViewController.m in Sources */,
				58BF07221F4AC12000163FEB /* AnimationMoveAutoController.m in Sources */,
				5893F4381F4854D8005ED3DC /* AppDelegate.m in Sources */,
				5893F4551F48824B005ED3DC /* AnimationButtonsController.m in Sources */,
				5893F44F1F485C42005ED3DC /* AnimationOrbitsAndPlanetsController.m in Sources */,
				5893F4521F4874DD005ED3DC /* AnimationTickerController.m in Sources */,
				5893F4351F4854D8005ED3DC /* main.m in Sources */,
			);
			runOnlyForDeploymentPostprocessing = 0;
		};
/* End PBXSourcesBuildPhase section */

/* Begin PBXVariantGroup section */
		5893F43C1F4854D8005ED3DC /* Main.storyboard */ = {
			isa = PBXVariantGroup;
			children = (
				5893F43D1F4854D8005ED3DC /* Base */,
			);
			name = Main.storyboard;
			sourceTree = "<group>";
		};
		5893F4411F4854D8005ED3DC /* LaunchScreen.storyboard */ = {
			isa = PBXVariantGroup;
			children = (
				5893F4421F4854D8005ED3DC /* Base */,
			);
			name = LaunchScreen.storyboard;
			sourceTree = "<group>";
		};
/* End PBXVariantGroup section */

/* Begin XCBuildConfiguration section */
		5893F4451F4854D8005ED3DC /* Debug */ = {
			isa = XCBuildConfiguration;
			buildSettings = {
				ALWAYS_SEARCH_USER_PATHS = NO;
				CLANG_ANALYZER_NONNULL = YES;
				CLANG_ANALYZER_NUMBER_OBJECT_CONVERSION = YES_AGGRESSIVE;
				CLANG_CXX_LANGUAGE_STANDARD = "gnu++0x";
				CLANG_CXX_LIBRARY = "libc++";
				CLANG_ENABLE_MODULES = YES;
				CLANG_ENABLE_OBJC_ARC = YES;
				CLANG_WARN_BOOL_CONVERSION = YES;
				CLANG_WARN_CONSTANT_CONVERSION = YES;
				CLANG_WARN_DIRECT_OBJC_ISA_USAGE = YES_ERROR;
				CLANG_WARN_DOCUMENTATION_COMMENTS = YES;
				CLANG_WARN_EMPTY_BODY = YES;
				CLANG_WARN_ENUM_CONVERSION = YES;
				CLANG_WARN_INFINITE_RECURSION = YES;
				CLANG_WARN_INT_CONVERSION = YES;
				CLANG_WARN_OBJC_ROOT_CLASS = YES_ERROR;
				CLANG_WARN_SUSPICIOUS_MOVE = YES;
				CLANG_WARN_UNREACHABLE_CODE = YES;
				CLANG_WARN__DUPLICATE_METHOD_MATCH = YES;
				"CODE_SIGN_IDENTITY[sdk=iphoneos*]" = "iPhone Developer";
				COPY_PHASE_STRIP = NO;
				DEBUG_INFORMATION_FORMAT = dwarf;
				ENABLE_STRICT_OBJC_MSGSEND = YES;
				ENABLE_TESTABILITY = YES;
				GCC_C_LANGUAGE_STANDARD = gnu99;
				GCC_DYNAMIC_NO_PIC = NO;
				GCC_NO_COMMON_BLOCKS = YES;
				GCC_OPTIMIZATION_LEVEL = 0;
				GCC_PREPROCESSOR_DEFINITIONS = (
					"DEBUG=1",
					"$(inherited)",
				);
				GCC_WARN_64_TO_32_BIT_CONVERSION = YES;
				GCC_WARN_ABOUT_RETURN_TYPE = YES_ERROR;
				GCC_WARN_UNDECLARED_SELECTOR = YES;
				GCC_WARN_UNINITIALIZED_AUTOS = YES_AGGRESSIVE;
				GCC_WARN_UNUSED_FUNCTION = YES;
				GCC_WARN_UNUSED_VARIABLE = YES;
				IPHONEOS_DEPLOYMENT_TARGET = 10.3;
				MTL_ENABLE_DEBUG_INFO = YES;
				ONLY_ACTIVE_ARCH = YES;
				SDKROOT = iphoneos;
			};
			name = Debug;
		};
		5893F4461F4854D8005ED3DC /* Release */ = {
			isa = XCBuildConfiguration;
			buildSettings = {
				ALWAYS_SEARCH_USER_PATHS = NO;
				CLANG_ANALYZER_NONNULL = YES;
				CLANG_ANALYZER_NUMBER_OBJECT_CONVERSION = YES_AGGRESSIVE;
				CLANG_CXX_LANGUAGE_STANDARD = "gnu++0x";
				CLANG_CXX_LIBRARY = "libc++";
				CLANG_ENABLE_MODULES = YES;
				CLANG_ENABLE_OBJC_ARC = YES;
				CLANG_WARN_BOOL_CONVERSION = YES;
				CLANG_WARN_CONSTANT_CONVERSION = YES;
				CLANG_WARN_DIRECT_OBJC_ISA_USAGE = YES_ERROR;
				CLANG_WARN_DOCUMENTATION_COMMENTS = YES;
				CLANG_WARN_EMPTY_BODY = YES;
				CLANG_WARN_ENUM_CONVERSION = YES;
				CLANG_WARN_INFINITE_RECURSION = YES;
				CLANG_WARN_INT_CONVERSION = YES;
				CLANG_WARN_OBJC_ROOT_CLASS = YES_ERROR;
				CLANG_WARN_SUSPICIOUS_MOVE = YES;
				CLANG_WARN_UNREACHABLE_CODE = YES;
				CLANG_WARN__DUPLICATE_METHOD_MATCH = YES;
				"CODE_SIGN_IDENTITY[sdk=iphoneos*]" = "iPhone Developer";
				COPY_PHASE_STRIP = NO;
				DEBUG_INFORMATION_FORMAT = "dwarf-with-dsym";
				ENABLE_NS_ASSERTIONS = NO;
				ENABLE_STRICT_OBJC_MSGSEND = YES;
				GCC_C_LANGUAGE_STANDARD = gnu99;
				GCC_NO_COMMON_BLOCKS = YES;
				GCC_WARN_64_TO_32_BIT_CONVERSION = YES;
				GCC_WARN_ABOUT_RETURN_TYPE = YES_ERROR;
				GCC_WARN_UNDECLARED_SELECTOR = YES;
				GCC_WARN_UNINITIALIZED_AUTOS = YES_AGGRESSIVE;
				GCC_WARN_UNUSED_FUNCTION = YES;
				GCC_WARN_UNUSED_VARIABLE = YES;
				IPHONEOS_DEPLOYMENT_TARGET = 10.3;
				MTL_ENABLE_DEBUG_INFO = NO;
				SDKROOT = iphoneos;
				VALIDATE_PRODUCT = YES;
			};
			name = Release;
		};
		5893F4481F4854D8005ED3DC /* Debug */ = {
			isa = XCBuildConfiguration;
			buildSettings = {
				ASSETCATALOG_COMPILER_APPICON_NAME = AppIcon;
				INFOPLIST_FILE = "AnimationTask-2.0/Info.plist";
				LD_RUNPATH_SEARCH_PATHS = "$(inherited) @executable_path/Frameworks";
				PRODUCT_BUNDLE_IDENTIFIER = "VAK.AnimationTask-2-0";
				PRODUCT_NAME = "$(TARGET_NAME)";
			};
			name = Debug;
		};
		5893F4491F4854D8005ED3DC /* Release */ = {
			isa = XCBuildConfiguration;
			buildSettings = {
				ASSETCATALOG_COMPILER_APPICON_NAME = AppIcon;
				INFOPLIST_FILE = "AnimationTask-2.0/Info.plist";
				LD_RUNPATH_SEARCH_PATHS = "$(inherited) @executable_path/Frameworks";
				PRODUCT_BUNDLE_IDENTIFIER = "VAK.AnimationTask-2-0";
				PRODUCT_NAME = "$(TARGET_NAME)";
			};
			name = Release;
		};
/* End XCBuildConfiguration section */

/* Begin XCConfigurationList section */
		5893F42B1F4854D8005ED3DC /* Build configuration list for PBXProject "AnimationTask-2.0" */ = {
			isa = XCConfigurationList;
			buildConfigurations = (
				5893F4451F4854D8005ED3DC /* Debug */,
				5893F4461F4854D8005ED3DC /* Release */,
			);
			defaultConfigurationIsVisible = 0;
			defaultConfigurationName = Release;
		};
		5893F4471F4854D8005ED3DC /* Build configuration list for PBXNativeTarget "AnimationTask-2.0" */ = {
			isa = XCConfigurationList;
			buildConfigurations = (
				5893F4481F4854D8005ED3DC /* Debug */,
				5893F4491F4854D8005ED3DC /* Release */,
			);
			defaultConfigurationIsVisible = 0;
			defaultConfigurationName = Release;
		};
/* End XCConfigurationList section */
	};
	rootObject = 5893F4281F4854D8005ED3DC /* Project object */;
}
